
Microsoft Visual Studio Solution File, Format Version 12.00
# Visual Studio Version 17
VisualStudioVersion = 17.8.34330.188
MinimumVisualStudioVersion = 10.0.40219.1
Project("{9A19103F-16F7-4668-BE54-9A1E7A4F7556}") = "PRN221PE_SP24_TrialTest_DinhTrungKien", "PRN221PE_SP24_TrialTest_DinhTrungKien.csproj", "{127E49E4-6C51-452C-96E1-1AB5ABDE9ED3}"
EndProject
Project("{9A19103F-16F7-4668-BE54-9A1E7A4F7556}") = "PRN221PE_SP24_TrialTest_DinhTrungKien_Repo", "..\PRN221PE_SP24_TrialTest_DinhTrungKien_Repo\PRN221PE_SP24_TrialTest_DinhTrungKien_Repo.csproj", "{A0995A57-A3D7-4935-A844-7D3F1D1CD1B5}"
EndProject
Global
	GlobalSection(SolutionConfigurationPlatforms) = preSolution
		Debug|Any CPU = Debug|Any CPU
		Release|Any CPU = Release|Any CPU
	EndGlobalSection
	GlobalSection(ProjectConfigurationPlatforms) = postSolution
		{127E49E4-6C51-452C-96E1-1AB5ABDE9ED3}.Debug|Any CPU.ActiveCfg = Debug|Any CPU
		{127E49E4-6C51-452C-96E1-1AB5ABDE9ED3}.Debug|Any CPU.Build.0 = Debug|Any CPU
		{127E49E4-6C51-452C-96E1-1AB5ABDE9ED3}.Release|Any CPU.ActiveCfg = Release|Any CPU
		{127E49E4-6C51-452C-96E1-1AB5ABDE9ED3}.Release|Any CPU.Build.0 = Release|Any CPU
		{A0995A57-A3D7-4935-A844-7D3F1D1CD1B5}.Debug|Any CPU.ActiveCfg = Debug|Any CPU
		{A0995A57-A3D7-4935-A844-7D3F1D1CD1B5}.Debug|Any CPU.Build.0 = Debug|Any CPU
		{A0995A57-A3D7-4935-A844-7D3F1D1CD1B5}.Release|Any CPU.ActiveCfg = Release|Any CPU
		{A0995A57-A3D7-4935-A844-7D3F1D1CD1B5}.Release|Any CPU.Build.0 = Release|Any CPU
	EndGlobalSection
	GlobalSection(SolutionProperties) = preSolution
		HideSolutionNode = FALSE
	EndGlobalSection
	GlobalSection(ExtensibilityGlobals) = postSolution
		SolutionGuid = {31EF4CDB-1E7F-4041-ACD6-AE0CD0C3799B}
	EndGlobalSection
EndGlobal
